Microsoft Visual Studio Solution File, Format Version 11.00
# Visual Studio 2008

Project("{25E04DE9-A17C-897F-97A8-510A3FC2A063}") = "Flapping-Endothermic-Vertebrates-master", "Assembly-CSharp-firstpass.csproj", "{C3BA3CA4-B277-9E67-9296-165658B03433}"
EndProject
Project("{25E04DE9-A17C-897F-97A8-510A3FC2A063}") = "Flapping-Endothermic-Vertebrates-master", "Assembly-CSharp.csproj", "{F6B1BB2B-97F3-3071-3E83-D164D23E6DEA}"
EndProject
Project("{25E04DE9-A17C-897F-97A8-510A3FC2A063}") = "Flapping-Endothermic-Vertebrates-master", "Assembly-CSharp-Editor.csproj", "{B051624D-98FB-3608-8F6B-40D2EB1AE115}"
EndProject
Global
	GlobalSection(SolutionConfigurationPlatforms) = preSolution
		Debug|Any CPU = Debug|Any CPU
		Release|Any CPU = Release|Any CPU
	EndGlobalSection
	GlobalSection(ProjectConfigurationPlatforms) = postSolution
		{C3BA3CA4-B277-9E67-9296-165658B03433}.Debug|Any CPU.ActiveCfg = Debug|Any CPU
		{C3BA3CA4-B277-9E67-9296-165658B03433}.Debug|Any CPU.Build.0 = Debug|Any CPU
		{C3BA3CA4-B277-9E67-9296-165658B03433}.Release|Any CPU.ActiveCfg = Release|Any CPU
		{C3BA3CA4-B277-9E67-9296-165658B03433}.Release|Any CPU.Build.0 = Release|Any CPU
		{F6B1BB2B-97F3-3071-3E83-D164D23E6DEA}.Debug|Any CPU.ActiveCfg = Debug|Any CPU
		{F6B1BB2B-97F3-3071-3E83-D164D23E6DEA}.Debug|Any CPU.Build.0 = Debug|Any CPU
		{F6B1BB2B-97F3-3071-3E83-D164D23E6DEA}.Release|Any CPU.ActiveCfg = Release|Any CPU
		{F6B1BB2B-97F3-3071-3E83-D164D23E6DEA}.Release|Any CPU.Build.0 = Release|Any CPU
		{B051624D-98FB-3608-8F6B-40D2EB1AE115}.Debug|Any CPU.ActiveCfg = Debug|Any CPU
		{B051624D-98FB-3608-8F6B-40D2EB1AE115}.Debug|Any CPU.Build.0 = Debug|Any CPU
		{B051624D-98FB-3608-8F6B-40D2EB1AE115}.Release|Any CPU.ActiveCfg = Release|Any CPU
		{B051624D-98FB-3608-8F6B-40D2EB1AE115}.Release|Any CPU.Build.0 = Release|Any CPU
	EndGlobalSection
	GlobalSection(SolutionProperties) = preSolution
		HideSolutionNode = FALSE
	EndGlobalSection
	GlobalSection(MonoDevelopProperties) = preSolution
		StartupItem = Assembly-CSharp.csproj
	EndGlobalSection
EndGlobal
